
Microsoft Visual Studio Solution File, Format Version 12.00
# Visual Studio Version 17
VisualStudioVersion = 17.0.31611.283
MinimumVisualStudioVersion = 10.0.40219.1
Project("{9A19103F-16F7-4668-BE54-9A1E7A4F7556}") = "Rehapp.Mobile", "Rehapp.Mobile\Rehapp.Mobile.csproj", "{8E01C1F5-46B1-4ADB-80DE-C4A563C7D6E3}"
EndProject
Project("{9A19103F-16F7-4668-BE54-9A1E7A4F7556}") = "RehApp.Infrastructure.Common", "..\..\rehapp-infrastructure\src\RehApp.Infrastructure.Common\RehApp.Infrastructure.Common\RehApp.Infrastructure.Common.csproj", "{D7902972-74F1-4A90-BDEB-D13C9F8AEBEA}"
EndProject
Global
	GlobalSection(SolutionConfigurationPlatforms) = preSolution
		Debug|Any CPU = Debug|Any CPU
		Release|Any CPU = Release|Any CPU
	EndGlobalSection
	GlobalSection(ProjectConfigurationPlatforms) = postSolution
		{8E01C1F5-46B1-4ADB-80DE-C4A563C7D6E3}.Debug|Any CPU.ActiveCfg = Debug|Any CPU
		{8E01C1F5-46B1-4ADB-80DE-C4A563C7D6E3}.Debug|Any CPU.Build.0 = Debug|Any CPU
		{8E01C1F5-46B1-4ADB-80DE-C4A563C7D6E3}.Debug|Any CPU.Deploy.0 = Debug|Any CPU
		{8E01C1F5-46B1-4ADB-80DE-C4A563C7D6E3}.Release|Any CPU.ActiveCfg = Release|Any CPU
		{8E01C1F5-46B1-4ADB-80DE-C4A563C7D6E3}.Release|Any CPU.Build.0 = Release|Any CPU
		{8E01C1F5-46B1-4ADB-80DE-C4A563C7D6E3}.Release|Any CPU.Deploy.0 = Release|Any CPU
		{D7902972-74F1-4A90-BDEB-D13C9F8AEBEA}.Debug|Any CPU.ActiveCfg = Debug|Any CPU
		{D7902972-74F1-4A90-BDEB-D13C9F8AEBEA}.Debug|Any CPU.Build.0 = Debug|Any CPU
		{D7902972-74F1-4A90-BDEB-D13C9F8AEBEA}.Release|Any CPU.ActiveCfg = Release|Any CPU
		{D7902972-74F1-4A90-BDEB-D13C9F8AEBEA}.Release|Any CPU.Build.0 = Release|Any CPU
	EndGlobalSection
	GlobalSection(SolutionProperties) = preSolution
		HideSolutionNode = FALSE
	EndGlobalSection
	GlobalSection(ExtensibilityGlobals) = postSolution
		SolutionGuid = {61F7FB11-1E47-470C-91E2-47F8143E1572}
	EndGlobalSection
EndGlobal
